// !$*UTF8*$!
{
	archiveVersion = 1;
	classes = {
	};
	objectVersion = 55;
	objects = {

/* Begin PBXBuildFile section */
		93550C9E2786B7B900DA7473 /* AppDelegate.swift in Sources */ = {isa = PBXBuildFile; fileRef = 93550C9D2786B7B900DA7473 /* AppDelegate.swift */; };
		93550CA02786B7B900DA7473 /* SceneDelegate.swift in Sources */ = {isa = PBXBuildFile; fileRef = 93550C9F2786B7B900DA7473 /* SceneDelegate.swift */; };
		93550CA22786B7B900DA7473 /* MainTabBarViewController.swift in Sources */ = {isa = PBXBuildFile; fileRef = 93550CA12786B7B900DA7473 /* MainTabBarViewController.swift */; };
		93550CA72786B7BB00DA7473 /* Assets.xcassets in Resources */ = {isa = PBXBuildFile; fileRef = 93550CA62786B7BB00DA7473 /* Assets.xcassets */; };
		93550CAA2786B7BB00DA7473 /* LaunchScreen.storyboard in Resources */ = {isa = PBXBuildFile; fileRef = 93550CA82786B7BB00DA7473 /* LaunchScreen.storyboard */; };
		93550CB32786B93E00DA7473 /* HomeViewController.swift in Sources */ = {isa = PBXBuildFile; fileRef = 93550CB22786B93E00DA7473 /* HomeViewController.swift */; };
		93550CB52786B94900DA7473 /* UpcomingViewController.swift in Sources */ = {isa = PBXBuildFile; fileRef = 93550CB42786B94900DA7473 /* UpcomingViewController.swift */; };
		93550CB72786B95300DA7473 /* SearchViewController.swift in Sources */ = {isa = PBXBuildFile; fileRef = 93550CB62786B95300DA7473 /* SearchViewController.swift */; };
		93550CB92786B96400DA7473 /* DownloadViewController.swift in Sources */ = {isa = PBXBuildFile; fileRef = 93550CB82786B96400DA7473 /* DownloadViewController.swift */; };
		93550CC02786C39000DA7473 /* CollectionViewTableViewCell.swift in Sources */ = {isa = PBXBuildFile; fileRef = 93550CBF2786C39000DA7473 /* CollectionViewTableViewCell.swift */; };
		93550CC22786CA3900DA7473 /* HeroHeaderUIView.swift in Sources */ = {isa = PBXBuildFile; fileRef = 93550CC12786CA3900DA7473 /* HeroHeaderUIView.swift */; };
/* End PBXBuildFile section */

/* Begin PBXFileReference section */
		93550C9A2786B7B900DA7473 /* Netflix.app */ = {isa = PBXFileReference; explicitFileType = wrapper.application; includeInIndex = 0; path = Netflix.app; sourceTree = BUILT_PRODUCTS_DIR; };
		93550C9D2786B7B900DA7473 /* AppDelegate.swift */ = {isa = PBXFileReference; lastKnownFileType = sourcecode.swift; path = AppDelegate.swift; sourceTree = "<group>"; };
		93550C9F2786B7B900DA7473 /* SceneDelegate.swift */ = {isa = PBXFileReference; lastKnownFileType = sourcecode.swift; path = SceneDelegate.swift; sourceTree = "<group>"; };
		93550CA12786B7B900DA7473 /* MainTabBarViewController.swift */ = {isa = PBXFileReference; lastKnownFileType = sourcecode.swift; path = MainTabBarViewController.swift; sourceTree = "<group>"; };
		93550CA62786B7BB00DA7473 /* Assets.xcassets */ = {isa = PBXFileReference; lastKnownFileType = folder.assetcatalog; path = Assets.xcassets; sourceTree = "<group>"; };
		93550CA92786B7BB00DA7473 /* Base */ = {isa = PBXFileReference; lastKnownFileType = file.storyboard; name = Base; path = Base.lproj/LaunchScreen.storyboard; sourceTree = "<group>"; };
		93550CAB2786B7BB00DA7473 /* Info.plist */ = {isa = PBXFileReference; lastKnownFileType = text.plist.xml; path = Info.plist; sourceTree = "<group>"; };
		93550CB22786B93E00DA7473 /* HomeViewController.swift */ = {isa = PBXFileReference; lastKnownFileType = sourcecode.swift; path = HomeViewController.swift; sourceTree = "<group>"; };
		93550CB42786B94900DA7473 /* UpcomingViewController.swift */ = {isa = PBXFileReference; lastKnownFileType = sourcecode.swift; path = UpcomingViewController.swift; sourceTree = "<group>"; };
		93550CB62786B95300DA7473 /* SearchViewController.swift */ = {isa = PBXFileReference; lastKnownFileType = sourcecode.swift; path = SearchViewController.swift; sourceTree = "<group>"; };
		93550CB82786B96400DA7473 /* DownloadViewController.swift */ = {isa = PBXFileReference; lastKnownFileType = sourcecode.swift; path = DownloadViewController.swift; sourceTree = "<group>"; };
		93550CBF2786C39000DA7473 /* CollectionViewTableViewCell.swift */ = {isa = PBXFileReference; lastKnownFileType = sourcecode.swift; path = CollectionViewTableViewCell.swift; sourceTree = "<group>"; };
		93550CC12786CA3900DA7473 /* HeroHeaderUIView.swift */ = {isa = PBXFileReference; lastKnownFileType = sourcecode.swift; path = HeroHeaderUIView.swift; sourceTree = "<group>"; };
/* End PBXFileReference section */

/* Begin PBXFrameworksBuildPhase section */
		93550C972786B7B900DA7473 /* Frameworks */ = {
			isa = PBXFrameworksBuildPhase;
			buildActionMask = 2147483647;
			files = (
			);
			runOnlyForDeploymentPostprocessing = 0;
		};
/* End PBXFrameworksBuildPhase section */

/* Begin PBXGroup section */
		93550C912786B7B900DA7473 = {
			isa = PBXGroup;
			children = (
				93550C9C2786B7B900DA7473 /* Netflix */,
				93550C9B2786B7B900DA7473 /* Products */,
			);
			sourceTree = "<group>";
		};
		93550C9B2786B7B900DA7473 /* Products */ = {
			isa = PBXGroup;
			children = (
				93550C9A2786B7B900DA7473 /* Netflix.app */,
			);
			name = Products;
			sourceTree = "<group>";
		};
		93550C9C2786B7B900DA7473 /* Netflix */ = {
			isa = PBXGroup;
			children = (
				93550CBE2786C36E00DA7473 /* Managers */,
				93550CBD2786C36500DA7473 /* Resources */,
				93550CBC2786C35F00DA7473 /* Models */,
				93550CBB2786C35500DA7473 /* Views */,
				93550CBA2786C34100DA7473 /* ViewModels */,
				93550CB12786B92500DA7473 /* Controllers */,
				93550C9D2786B7B900DA7473 /* AppDelegate.swift */,
				93550C9F2786B7B900DA7473 /* SceneDelegate.swift */,
				93550CA12786B7B900DA7473 /* MainTabBarViewController.swift */,
				93550CA62786B7BB00DA7473 /* Assets.xcassets */,
				93550CA82786B7BB00DA7473 /* LaunchScreen.storyboard */,
				93550CAB2786B7BB00DA7473 /* Info.plist */,
			);
			path = Netflix;
			sourceTree = "<group>";
		};
		93550CB12786B92500DA7473 /* Controllers */ = {
			isa = PBXGroup;
			children = (
				93550CB22786B93E00DA7473 /* HomeViewController.swift */,
				93550CB42786B94900DA7473 /* UpcomingViewController.swift */,
				93550CB62786B95300DA7473 /* SearchViewController.swift */,
				93550CB82786B96400DA7473 /* DownloadViewController.swift */,
			);
			path = Controllers;
			sourceTree = "<group>";
		};
		93550CBA2786C34100DA7473 /* ViewModels */ = {
			isa = PBXGroup;
			children = (
			);
			path = ViewModels;
			sourceTree = "<group>";
		};
		93550CBB2786C35500DA7473 /* Views */ = {
			isa = PBXGroup;
			children = (
				93550CBF2786C39000DA7473 /* CollectionViewTableViewCell.swift */,
				93550CC12786CA3900DA7473 /* HeroHeaderUIView.swift */,
			);
			path = Views;
			sourceTree = "<group>";
		};
		93550CBC2786C35F00DA7473 /* Models */ = {
			isa = PBXGroup;
			children = (
			);
			path = Models;
			sourceTree = "<group>";
		};
		93550CBD2786C36500DA7473 /* Resources */ = {
			isa = PBXGroup;
			children = (
			);
			path = Resources;
			sourceTree = "<group>";
		};
		93550CBE2786C36E00DA7473 /* Managers */ = {
			isa = PBXGroup;
			children = (
			);
			path = Managers;
			sourceTree = "<group>";
		};
/* End PBXGroup section */

/* Begin PBXNativeTarget section */
		93550C992786B7B900DA7473 /* Netflix */ = {
			isa = PBXNativeTarget;
			buildConfigurationList = 93550CAE2786B7BB00DA7473 /* Build configuration list for PBXNativeTarget "Netflix" */;
			buildPhases = (
				93550C962786B7B900DA7473 /* Sources */,
				93550C972786B7B900DA7473 /* Frameworks */,
				93550C982786B7B900DA7473 /* Resources */,
			);
			buildRules = (
			);
			dependencies = (
			);
			name = Netflix;
			productName = Netflix;
			productReference = 93550C9A2786B7B900DA7473 /* Netflix.app */;
			productType = "com.apple.product-type.application";
		};
/* End PBXNativeTarget section */

/* Begin PBXProject section */
		93550C922786B7B900DA7473 /* Project object */ = {
			isa = PBXProject;
			attributes = {
				BuildIndependentTargetsInParallel = 1;
				LastSwiftUpdateCheck = 1300;
				LastUpgradeCheck = 1300;
				TargetAttributes = {
					93550C992786B7B900DA7473 = {
						CreatedOnToolsVersion = 13.0;
					};
				};
			};
			buildConfigurationList = 93550C952786B7B900DA7473 /* Build configuration list for PBXProject "Netflix" */;
			compatibilityVersion = "Xcode 13.0";
			developmentRegion = en;
			hasScannedForEncodings = 0;
			knownRegions = (
				en,
				Base,
			);
			mainGroup = 93550C912786B7B900DA7473;
			productRefGroup = 93550C9B2786B7B900DA7473 /* Products */;
			projectDirPath = "";
			projectRoot = "";
			targets = (
				93550C992786B7B900DA7473 /* Netflix */,
			);
		};
/* End PBXProject section */

/* Begin PBXResourcesBuildPhase section */
		93550C982786B7B900DA7473 /* Resources */ = {
			isa = PBXResourcesBuildPhase;
			buildActionMask = 2147483647;
			files = (
				93550CAA2786B7BB00DA7473 /* LaunchScreen.storyboard in Resources */,
				93550CA72786B7BB00DA7473 /* Assets.xcassets in Resources */,
			);
			runOnlyForDeploymentPostprocessing = 0;
		};
/* End PBXResourcesBuildPhase section */

/* Begin PBXSourcesBuildPhase section */
		93550C962786B7B900DA7473 /* Sources */ = {
			isa = PBXSourcesBuildPhase;
			buildActionMask = 2147483647;
			files = (
				93550CB72786B95300DA7473 /* SearchViewController.swift in Sources */,
				93550CA22786B7B900DA7473 /* MainTabBarViewController.swift in Sources */,
				93550CC02786C39000DA7473 /* CollectionViewTableViewCell.swift in Sources */,
				93550CC22786CA3900DA7473 /* HeroHeaderUIView.swift in Sources */,
				93550C9E2786B7B900DA7473 /* AppDelegate.swift in Sources */,
				93550CB92786B96400DA7473 /* DownloadViewController.swift in Sources */,
				93550CA02786B7B900DA7473 /* SceneDelegate.swift in Sources */,
				93550CB52786B94900DA7473 /* UpcomingViewController.swift in Sources */,
				93550CB32786B93E00DA7473 /* HomeViewController.swift in Sources */,
			);
			runOnlyForDeploymentPostprocessing = 0;
		};
/* End PBXSourcesBuildPhase section */

/* Begin PBXVariantGroup section */
		93550CA82786B7BB00DA7473 /* LaunchScreen.storyboard */ = {
			isa = PBXVariantGroup;
			children = (
				93550CA92786B7BB00DA7473 /* Base */,
			);
			name = LaunchScreen.storyboard;
			sourceTree = "<group>";
		};
/* End PBXVariantGroup section */

/* Begin XCBuildConfiguration section */
		93550CAC2786B7BB00DA7473 /* Debug */ = {
			isa = XCBuildConfiguration;
			buildSettings = {
				ALWAYS_SEARCH_USER_PATHS = NO;
				CLANG_ANALYZER_NONNULL = YES;
				CLANG_ANALYZER_NUMBER_OBJECT_CONVERSION = YES_AGGRESSIVE;
				CLANG_CXX_LANGUAGE_STANDARD = "gnu++17";
				CLANG_CXX_LIBRARY = "libc++";
				CLANG_ENABLE_MODULES = YES;
				CLANG_ENABLE_OBJC_ARC = YES;
				CLANG_ENABLE_OBJC_WEAK = YES;
				CLANG_WARN_BLOCK_CAPTURE_AUTORELEASING = YES;
				CLANG_WARN_BOOL_CONVERSION = YES;
				CLANG_WARN_COMMA = YES;
				CLANG_WARN_CONSTANT_CONVERSION = YES;
				CLANG_WARN_DEPRECATED_OBJC_IMPLEMENTATIONS = YES;
				CLANG_WARN_DIRECT_OBJC_ISA_USAGE = YES_ERROR;
				CLANG_WARN_DOCUMENTATION_COMMENTS = YES;
				CLANG_WARN_EMPTY_BODY = YES;
				CLANG_WARN_ENUM_CONVERSION = YES;
				CLANG_WARN_INFINITE_RECURSION = YES;
				CLANG_WARN_INT_CONVERSION = YES;
				CLANG_WARN_NON_LITERAL_NULL_CONVERSION = YES;
				CLANG_WARN_OBJC_IMPLICIT_RETAIN_SELF = YES;
				CLANG_WARN_OBJC_LITERAL_CONVERSION = YES;
				CLANG_WARN_OBJC_ROOT_CLASS = YES_ERROR;
				CLANG_WARN_QUOTED_INCLUDE_IN_FRAMEWORK_HEADER = YES;
				CLANG_WARN_RANGE_LOOP_ANALYSIS = YES;
				CLANG_WARN_STRICT_PROTOTYPES = YES;
				CLANG_WARN_SUSPICIOUS_MOVE = YES;
				CLANG_WARN_UNGUARDED_AVAILABILITY = YES_AGGRESSIVE;
				CLANG_WARN_UNREACHABLE_CODE = YES;
				CLANG_WARN__DUPLICATE_METHOD_MATCH = YES;
				COPY_PHASE_STRIP = NO;
				DEBUG_INFORMATION_FORMAT = dwarf;
				ENABLE_STRICT_OBJC_MSGSEND = YES;
				ENABLE_TESTABILITY = YES;
				GCC_C_LANGUAGE_STANDARD = gnu11;
				GCC_DYNAMIC_NO_PIC = NO;
				GCC_NO_COMMON_BLOCKS = YES;
				GCC_OPTIMIZATION_LEVEL = 0;
				GCC_PREPROCESSOR_DEFINITIONS = (
					"DEBUG=1",
					"$(inherited)",
				);
				GCC_WARN_64_TO_32_BIT_CONVERSION = YES;
				GCC_WARN_ABOUT_RETURN_TYPE = YES_ERROR;
				GCC_WARN_UNDECLARED_SELECTOR = YES;
				GCC_WARN_UNINITIALIZED_AUTOS = YES_AGGRESSIVE;
				GCC_WARN_UNUSED_FUNCTION = YES;
				GCC_WARN_UNUSED_VARIABLE = YES;
				IPHONEOS_DEPLOYMENT_TARGET = 15.0;
				MTL_ENABLE_DEBUG_INFO = INCLUDE_SOURCE;
				MTL_FAST_MATH = YES;
				ONLY_ACTIVE_ARCH = YES;
				SDKROOT = iphoneos;
				SWIFT_ACTIVE_COMPILATION_CONDITIONS = DEBUG;
				SWIFT_OPTIMIZATION_LEVEL = "-Onone";
			};
			name = Debug;
		};
		93550CAD2786B7BB00DA7473 /* Release */ = {
			isa = XCBuildConfiguration;
			buildSettings = {
				ALWAYS_SEARCH_USER_PATHS = NO;
				CLANG_ANALYZER_NONNULL = YES;
				CLANG_ANALYZER_NUMBER_OBJECT_CONVERSION = YES_AGGRESSIVE;
				CLANG_CXX_LANGUAGE_STANDARD = "gnu++17";
				CLANG_CXX_LIBRARY = "libc++";
				CLANG_ENABLE_MODULES = YES;
				CLANG_ENABLE_OBJC_ARC = YES;
				CLANG_ENABLE_OBJC_WEAK = YES;
				CLANG_WARN_BLOCK_CAPTURE_AUTORELEASING = YES;
				CLANG_WARN_BOOL_CONVERSION = YES;
				CLANG_WARN_COMMA = YES;
				CLANG_WARN_CONSTANT_CONVERSION = YES;
				CLANG_WARN_DEPRECATED_OBJC_IMPLEMENTATIONS = YES;
				CLANG_WARN_DIRECT_OBJC_ISA_USAGE = YES_ERROR;
				CLANG_WARN_DOCUMENTATION_COMMENTS = YES;
				CLANG_WARN_EMPTY_BODY = YES;
				CLANG_WARN_ENUM_CONVERSION = YES;
				CLANG_WARN_INFINITE_RECURSION = YES;
				CLANG_WARN_INT_CONVERSION = YES;
				CLANG_WARN_NON_LITERAL_NULL_CONVERSION = YES;
				CLANG_WARN_OBJC_IMPLICIT_RETAIN_SELF = YES;
				CLANG_WARN_OBJC_LITERAL_CONVERSION = YES;
				CLANG_WARN_OBJC_ROOT_CLASS = YES_ERROR;
				CLANG_WARN_QUOTED_INCLUDE_IN_FRAMEWORK_HEADER = YES;
				CLANG_WARN_RANGE_LOOP_ANALYSIS = YES;
				CLANG_WARN_STRICT_PROTOTYPES = YES;
				CLANG_WARN_SUSPICIOUS_MOVE = YES;
				CLANG_WARN_UNGUARDED_AVAILABILITY = YES_AGGRESSIVE;
				CLANG_WARN_UNREACHABLE_CODE = YES;
				CLANG_WARN__DUPLICATE_METHOD_MATCH = YES;
				COPY_PHASE_STRIP = NO;
				DEBUG_INFORMATION_FORMAT = "dwarf-with-dsym";
				ENABLE_NS_ASSERTIONS = NO;
				ENABLE_STRICT_OBJC_MSGSEND = YES;
				GCC_C_LANGUAGE_STANDARD = gnu11;
				GCC_NO_COMMON_BLOCKS = YES;
				GCC_WARN_64_TO_32_BIT_CONVERSION = YES;
				GCC_WARN_ABOUT_RETURN_TYPE = YES_ERROR;
				GCC_WARN_UNDECLARED_SELECTOR = YES;
				GCC_WARN_UNINITIALIZED_AUTOS = YES_AGGRESSIVE;
				GCC_WARN_UNUSED_FUNCTION = YES;
				GCC_WARN_UNUSED_VARIABLE = YES;
				IPHONEOS_DEPLOYMENT_TARGET = 15.0;
				MTL_ENABLE_DEBUG_INFO = NO;
				MTL_FAST_MATH = YES;
				SDKROOT = iphoneos;
				SWIFT_COMPILATION_MODE = wholemodule;
				SWIFT_OPTIMIZATION_LEVEL = "-O";
				VALIDATE_PRODUCT = YES;
			};
			name = Release;
		};
		93550CAF2786B7BB00DA7473 /* Debug */ = {
			isa = XCBuildConfiguration;
			buildSettings = {
				ASSETCATALOG_COMPILER_APPICON_NAME = AppIcon;
				ASSETCATALOG_COMPILER_GLOBAL_ACCENT_COLOR_NAME = AccentColor;
				CODE_SIGN_STYLE = Automatic;
				CURRENT_PROJECT_VERSION = 1;
				DEVELOPMENT_TEAM = AK7H6595XM;
				GENERATE_INFOPLIST_FILE = YES;
				INFOPLIST_FILE = Netflix/Info.plist;
				INFOPLIST_KEY_UIApplicationSupportsIndirectInputEvents = YES;
				INFOPLIST_KEY_UILaunchStoryboardName = LaunchScreen;
				INFOPLIST_KEY_UISupportedInterfaceOrientations_iPad = "UIInterfaceOrientationPortrait UIInterfaceOrientationPortraitUpsideDown UIInterfaceOrientationLandscapeLeft UIInterfaceOrientationLandscapeRight";
				INFOPLIST_KEY_UISupportedInterfaceOrientations_iPhone = "UIInterfaceOrientationPortrait UIInterfaceOrientationLandscapeLeft UIInterfaceOrientationLandscapeRight";
				LD_RUNPATH_SEARCH_PATHS = (
					"$(inherited)",
					"@executable_path/Frameworks",
				);
				MARKETING_VERSION = 1.0;
				PRODUCT_BUNDLE_IDENTIFIER = aa.Netflix;
				PRODUCT_NAME = "$(TARGET_NAME)";
				SWIFT_EMIT_LOC_STRINGS = YES;
				SWIFT_VERSION = 5.0;
				TARGETED_DEVICE_FAMILY = "1,2";
			};
			name = Debug;
		};
		93550CB02786B7BB00DA7473 /* Release */ = {
			isa = XCBuildConfiguration;
			buildSettings = {
				ASSETCATALOG_COMPILER_APPICON_NAME = AppIcon;
				ASSETCATALOG_COMPILER_GLOBAL_ACCENT_COLOR_NAME = AccentColor;
				CODE_SIGN_STYLE = Automatic;
				CURRENT_PROJECT_VERSION = 1;
				DEVELOPMENT_TEAM = AK7H6595XM;
				GENERATE_INFOPLIST_FILE = YES;
				INFOPLIST_FILE = Netflix/Info.plist;
				INFOPLIST_KEY_UIApplicationSupportsIndirectInputEvents = YES;
				INFOPLIST_KEY_UILaunchStoryboardName = LaunchScreen;
				INFOPLIST_KEY_UISupportedInterfaceOrientations_iPad = "UIInterfaceOrientationPortrait UIInterfaceOrientationPortraitUpsideDown UIInterfaceOrientationLandscapeLeft UIInterfaceOrientationLandscapeRight";
				INFOPLIST_KEY_UISupportedInterfaceOrientations_iPhone = "UIInterfaceOrientationPortrait UIInterfaceOrientationLandscapeLeft UIInterfaceOrientationLandscapeRight";
				LD_RUNPATH_SEARCH_PATHS = (
					"$(inherited)",
					"@executable_path/Frameworks",
				);
				MARKETING_VERSION = 1.0;
				PRODUCT_BUNDLE_IDENTIFIER = aa.Netflix;
				PRODUCT_NAME = "$(TARGET_NAME)";
				SWIFT_EMIT_LOC_STRINGS = YES;
				SWIFT_VERSION = 5.0;
				TARGETED_DEVICE_FAMILY = "1,2";
			};
			name = Release;
		};
/* End XCBuildConfiguration section */

/* Begin XCConfigurationList section */
		93550C952786B7B900DA7473 /* Build configuration list for PBXProject "Netflix" */ = {
			isa = XCConfigurationList;
			buildConfigurations = (
				93550CAC2786B7BB00DA7473 /* Debug */,
				93550CAD2786B7BB00DA7473 /* Release */,
			);
			defaultConfigurationIsVisible = 0;
			defaultConfigurationName = Release;
		};
		93550CAE2786B7BB00DA7473 /* Build configuration list for PBXNativeTarget "Netflix" */ = {
			isa = XCConfigurationList;
			buildConfigurations = (
				93550CAF2786B7BB00DA7473 /* Debug */,
				93550CB02786B7BB00DA7473 /* Release */,
			);
			defaultConfigurationIsVisible = 0;
			defaultConfigurationName = Release;
		};
/* End XCConfigurationList section */
	};
	rootObject = 93550C922786B7B900DA7473 /* Project object */;
}
